
Microsoft Visual Studio Solution File, Format Version 11.00
# Visual Studio 2010
Project("{F184B08F-C81C-45F6-A57F-5ABD9991F28F}") = "AppianDispatcher", "AppianDispatcher\AppianDispatcher.vbproj", "{E5175D8F-D528-499D-AB09-DB13A565591E}"
EndProject
Global
	GlobalSection(SolutionConfigurationPlatforms) = preSolution
		Debug|Any CPU = Debug|Any CPU
		Release|Any CPU = Release|Any CPU
	EndGlobalSection
	GlobalSection(ProjectConfigurationPlatforms) = postSolution
		{E5175D8F-D528-499D-AB09-DB13A565591E}.Debug|Any CPU.ActiveCfg = Debug|Any CPU
		{E5175D8F-D528-499D-AB09-DB13A565591E}.Debug|Any CPU.Build.0 = Debug|Any CPU
		{E5175D8F-D528-499D-AB09-DB13A565591E}.Release|Any CPU.ActiveCfg = Release|Any CPU
		{E5175D8F-D528-499D-AB09-DB13A565591E}.Release|Any CPU.Build.0 = Release|Any CPU
	EndGlobalSection
	GlobalSection(SolutionProperties) = preSolution
		HideSolutionNode = FALSE
	EndGlobalSection
EndGlobal
